
Microsoft Visual Studio Solution File, Format Version 12.00
# Visual Studio Version 16
VisualStudioVersion = 16.0.28729.10
MinimumVisualStudioVersion = 10.0.40219.1
Project("{FAE04EC0-301F-11D3-BF4B-00C04F79EFBC}") = "IMRUtils", "IMRUtils.csproj", "{7BC61715-1DA7-47B5-952C-C63F7B7AF60D}"
EndProject
Global
	GlobalSection(SolutionConfigurationPlatforms) = preSolution
		Debug|Any CPU = Debug|Any CPU
		Release|Any CPU = Release|Any CPU
	EndGlobalSection
	GlobalSection(ProjectConfigurationPlatforms) = postSolution
		{7BC61715-1DA7-47B5-952C-C63F7B7AF60D}.Debug|Any CPU.ActiveCfg = Debug|Any CPU
		{7BC61715-1DA7-47B5-952C-C63F7B7AF60D}.Debug|Any CPU.Build.0 = Debug|Any CPU
		{7BC61715-1DA7-47B5-952C-C63F7B7AF60D}.Release|Any CPU.ActiveCfg = Release|Any CPU
		{7BC61715-1DA7-47B5-952C-C63F7B7AF60D}.Release|Any CPU.Build.0 = Release|Any CPU
	EndGlobalSection
	GlobalSection(SolutionProperties) = preSolution
		HideSolutionNode = FALSE
	EndGlobalSection
	GlobalSection(ExtensibilityGlobals) = postSolution
		SolutionGuid = {547B3414-A3C7-4CA6-AF7A-D7A87EA7022E}
	EndGlobalSection
	GlobalSection(TeamFoundationVersionControl) = preSolution
		SccNumberOfProjects = 2
		SccEnterpriseProvider = {4CA58AB2-18FA-4F8D-95D4-32DDF27D184C}
		SccTeamFoundationServer = https://hawoond.visualstudio.com/
		SccLocalPath0 = .
		SccProjectUniqueName1 = IMRUtils.csproj
		SccLocalPath1 = .
	EndGlobalSection
EndGlobal
